// !$*UTF8*$!
{
	archiveVersion = 1;
	classes = {
	};
	objectVersion = 46;
	objects = {

/* Begin PBXBuildFile section */
		404B56771E896AD2008B21F9 /* main.c in Sources */ = {isa = PBXBuildFile; fileRef = 404B56761E896AD2008B21F9 /* main.c */; };
		404B567F1E896ADD008B21F9 /* CountingSort.c in Sources */ = {isa = PBXBuildFile; fileRef = 404B567D1E896ADD008B21F9 /* CountingSort.c */; };
/* End PBXBuildFile section */

/* Begin PBXCopyFilesBuildPhase section */
		404B56711E896AD1008B21F9 /* CopyFiles */ = {
			isa = PBXCopyFilesBuildPhase;
			buildActionMask = 2147483647;
			dstPath = /usr/share/man/man1/;
			dstSubfolderSpec = 0;
			files = (
			);
			runOnlyForDeploymentPostprocessing = 1;
		};
/* End PBXCopyFilesBuildPhase section */

/* Begin PBXFileReference section */
		404B56731E896AD2008B21F9 /* CountingSort(Mac) */ = {isa = PBXFileReference; explicitFileType = "compiled.mach-o.executable"; includeInIndex = 0; path = "CountingSort(Mac)"; sourceTree = BUILT_PRODUCTS_DIR; };
		404B56761E896AD2008B21F9 /* main.c */ = {isa = PBXFileReference; lastKnownFileType = sourcecode.c.c; path = main.c; sourceTree = "<group>"; };
		404B567D1E896ADD008B21F9 /* CountingSort.c */ = {isa = PBXFileReference; fileEncoding = 4; lastKnownFileType = sourcecode.c.c; path = CountingSort.c; sourceTree = "<group>"; };
		404B567E1E896ADD008B21F9 /* CountingSort.h */ = {isa = PBXFileReference; fileEncoding = 4; lastKnownFileType = sourcecode.c.h; path = CountingSort.h; sourceTree = "<group>"; };
/* End PBXFileReference section */

/* Begin PBXFrameworksBuildPhase section */
		404B56701E896AD1008B21F9 /* Frameworks */ = {
			isa = PBXFrameworksBuildPhase;
			buildActionMask = 2147483647;
			files = (
			);
			runOnlyForDeploymentPostprocessing = 0;
		};
/* End PBXFrameworksBuildPhase section */

/* Begin PBXGroup section */
		404B566A1E896AD1008B21F9 = {
			isa = PBXGroup;
			children = (
				404B56751E896AD2008B21F9 /* CountingSort(Mac) */,
				404B56741E896AD2008B21F9 /* Products */,
			);
			sourceTree = "<group>";
		};
		404B56741E896AD2008B21F9 /* Products */ = {
			isa = PBXGroup;
			children = (
				404B56731E896AD2008B21F9 /* CountingSort(Mac) */,
			);
			name = Products;
			sourceTree = "<group>";
		};
		404B56751E896AD2008B21F9 /* CountingSort(Mac) */ = {
			isa = PBXGroup;
			children = (
				404B56761E896AD2008B21F9 /* main.c */,
				404B567D1E896ADD008B21F9 /* CountingSort.c */,
				404B567E1E896ADD008B21F9 /* CountingSort.h */,
			);
			path = "CountingSort(Mac)";
			sourceTree = "<group>";
		};
/* End PBXGroup section */

/* Begin PBXNativeTarget section */
		404B56721E896AD1008B21F9 /* CountingSort(Mac) */ = {
			isa = PBXNativeTarget;
			buildConfigurationList = 404B567A1E896AD2008B21F9 /* Build configuration list for PBXNativeTarget "CountingSort(Mac)" */;
			buildPhases = (
				404B566F1E896AD1008B21F9 /* Sources */,
				404B56701E896AD1008B21F9 /* Frameworks */,
				404B56711E896AD1008B21F9 /* CopyFiles */,
			);
			buildRules = (
			);
			dependencies = (
			);
			name = "CountingSort(Mac)";
			productName = "CountingSort(Mac)";
			productReference = 404B56731E896AD2008B21F9 /* CountingSort(Mac) */;
			productType = "com.apple.product-type.tool";
		};
/* End PBXNativeTarget section */

/* Begin PBXProject section */
		404B566B1E896AD1008B21F9 /* Project object */ = {
			isa = PBXProject;
			attributes = {
				LastUpgradeCheck = 0820;
				ORGANIZATIONNAME = "Trang Nguyen";
				TargetAttributes = {
					404B56721E896AD1008B21F9 = {
						CreatedOnToolsVersion = 8.2.1;
						ProvisioningStyle = Automatic;
					};
				};
			};
			buildConfigurationList = 404B566E1E896AD1008B21F9 /* Build configuration list for PBXProject "CountingSort(Mac)" */;
			compatibilityVersion = "Xcode 3.2";
			developmentRegion = English;
			hasScannedForEncodings = 0;
			knownRegions = (
				en,
			);
			mainGroup = 404B566A1E896AD1008B21F9;
			productRefGroup = 404B56741E896AD2008B21F9 /* Products */;
			projectDirPath = "";
			projectRoot = "";
			targets = (
				404B56721E896AD1008B21F9 /* CountingSort(Mac) */,
			);
		};
/* End PBXProject section */

/* Begin PBXSourcesBuildPhase section */
		404B566F1E896AD1008B21F9 /* Sources */ = {
			isa = PBXSourcesBuildPhase;
			buildActionMask = 2147483647;
			files = (
				404B567F1E896ADD008B21F9 /* CountingSort.c in Sources */,
				404B56771E896AD2008B21F9 /* main.c in Sources */,
			);
			runOnlyForDeploymentPostprocessing = 0;
		};
/* End PBXSourcesBuildPhase section */

/* Begin XCBuildConfiguration section */
		404B56781E896AD2008B21F9 /* Debug */ = {
			isa = XCBuildConfiguration;
			buildSettings = {
				ALWAYS_SEARCH_USER_PATHS = NO;
				CLANG_ANALYZER_NONNULL = YES;
				CLANG_CXX_LANGUAGE_STANDARD = "gnu++0x";
				CLANG_CXX_LIBRARY = "libc++";
				CLANG_ENABLE_MODULES = YES;
				CLANG_ENABLE_OBJC_ARC = YES;
				CLANG_WARN_BOOL_CONVERSION = YES;
				CLANG_WARN_CONSTANT_CONVERSION = YES;
				CLANG_WARN_DIRECT_OBJC_ISA_USAGE = YES_ERROR;
				CLANG_WARN_DOCUMENTATION_COMMENTS = YES;
				CLANG_WARN_EMPTY_BODY = YES;
				CLANG_WARN_ENUM_CONVERSION = YES;
				CLANG_WARN_INFINITE_RECURSION = YES;
				CLANG_WARN_INT_CONVERSION = YES;
				CLANG_WARN_OBJC_ROOT_CLASS = YES_ERROR;
				CLANG_WARN_SUSPICIOUS_MOVE = YES;
				CLANG_WARN_UNREACHABLE_CODE = YES;
				CLANG_WARN__DUPLICATE_METHOD_MATCH = YES;
				CODE_SIGN_IDENTITY = "-";
				COPY_PHASE_STRIP = NO;
				DEBUG_INFORMATION_FORMAT = dwarf;
				ENABLE_STRICT_OBJC_MSGSEND = YES;
				ENABLE_TESTABILITY = YES;
				GCC_C_LANGUAGE_STANDARD = gnu99;
				GCC_DYNAMIC_NO_PIC = NO;
				GCC_NO_COMMON_BLOCKS = YES;
				GCC_OPTIMIZATION_LEVEL = 0;
				GCC_PREPROCESSOR_DEFINITIONS = (
					"DEBUG=1",
					"$(inherited)",
				);
				GCC_WARN_64_TO_32_BIT_CONVERSION = YES;
				GCC_WARN_ABOUT_RETURN_TYPE = YES_ERROR;
				GCC_WARN_UNDECLARED_SELECTOR = YES;
				GCC_WARN_UNINITIALIZED_AUTOS = YES_AGGRESSIVE;
				GCC_WARN_UNUSED_FUNCTION = YES;
				GCC_WARN_UNUSED_VARIABLE = YES;
				MACOSX_DEPLOYMENT_TARGET = 10.11;
				MTL_ENABLE_DEBUG_INFO = YES;
				ONLY_ACTIVE_ARCH = YES;
				SDKROOT = macosx;
			};
			name = Debug;
		};
		404B56791E896AD2008B21F9 /* Release */ = {
			isa = XCBuildConfiguration;
			buildSettings = {
				ALWAYS_SEARCH_USER_PATHS = NO;
				CLANG_ANALYZER_NONNULL = YES;
				CLANG_CXX_LANGUAGE_STANDARD = "gnu++0x";
				CLANG_CXX_LIBRARY = "libc++";
				CLANG_ENABLE_MODULES = YES;
				CLANG_ENABLE_OBJC_ARC = YES;
				CLANG_WARN_BOOL_CONVERSION = YES;
				CLANG_WARN_CONSTANT_CONVERSION = YES;
				CLANG_WARN_DIRECT_OBJC_ISA_USAGE = YES_ERROR;
				CLANG_WARN_DOCUMENTATION_COMMENTS = YES;
				CLANG_WARN_EMPTY_BODY = YES;
				CLANG_WARN_ENUM_CONVERSION = YES;
				CLANG_WARN_INFINITE_RECURSION = YES;
				CLANG_WARN_INT_CONVERSION = YES;
				CLANG_WARN_OBJC_ROOT_CLASS = YES_ERROR;
				CLANG_WARN_SUSPICIOUS_MOVE = YES;
				CLANG_WARN_UNREACHABLE_CODE = YES;
				CLANG_WARN__DUPLICATE_METHOD_MATCH = YES;
				CODE_SIGN_IDENTITY = "-";
				COPY_PHASE_STRIP = NO;
				DEBUG_INFORMATION_FORMAT = "dwarf-with-dsym";
				ENABLE_NS_ASSERTIONS = NO;
				ENABLE_STRICT_OBJC_MSGSEND = YES;
				GCC_C_LANGUAGE_STANDARD = gnu99;
				GCC_NO_COMMON_BLOCKS = YES;
				GCC_WARN_64_TO_32_BIT_CONVERSION = YES;
				GCC_WARN_ABOUT_RETURN_TYPE = YES_ERROR;
				GCC_WARN_UNDECLARED_SELECTOR = YES;
				GCC_WARN_UNINITIALIZED_AUTOS = YES_AGGRESSIVE;
				GCC_WARN_UNUSED_FUNCTION = YES;
				GCC_WARN_UNUSED_VARIABLE = YES;
				MACOSX_DEPLOYMENT_TARGET = 10.11;
				MTL_ENABLE_DEBUG_INFO = NO;
				SDKROOT = macosx;
			};
			name = Release;
		};
		404B567B1E896AD2008B21F9 /* Debug */ = {
			isa = XCBuildConfiguration;
			buildSettings = {
				PRODUCT_NAME = "$(TARGET_NAME)";
			};
			name = Debug;
		};
		404B567C1E896AD2008B21F9 /* Release */ = {
			isa = XCBuildConfiguration;
			buildSettings = {
				PRODUCT_NAME = "$(TARGET_NAME)";
			};
			name = Release;
		};
/* End XCBuildConfiguration section */

/* Begin XCConfigurationList section */
		404B566E1E896AD1008B21F9 /* Build configuration list for PBXProject "CountingSort(Mac)" */ = {
			isa = XCConfigurationList;
			buildConfigurations = (
				404B56781E896AD2008B21F9 /* Debug */,
				404B56791E896AD2008B21F9 /* Release */,
			);
			defaultConfigurationIsVisible = 0;
			defaultConfigurationName = Release;
		};
		404B567A1E896AD2008B21F9 /* Build configuration list for PBXNativeTarget "CountingSort(Mac)" */ = {
			isa = XCConfigurationList;
			buildConfigurations = (
				404B567B1E896AD2008B21F9 /* Debug */,
				404B567C1E896AD2008B21F9 /* Release */,
			);
			defaultConfigurationIsVisible = 0;
		};
/* End XCConfigurationList section */
	};
	rootObject = 404B566B1E896AD1008B21F9 /* Project object */;
}
