// !$*UTF8*$!
{
	archiveVersion = 1;
	classes = {
	};
	objectVersion = 46;
	objects = {

/* Begin PBXBuildFile section */
		40173FE41E7E407D00CC6BAE /* main.c in Sources */ = {isa = PBXBuildFile; fileRef = 40173FE31E7E407D00CC6BAE /* main.c */; };
		40173FEC1E7E409000CC6BAE /* Insertion Sort.c in Sources */ = {isa = PBXBuildFile; fileRef = 40173FEA1E7E409000CC6BAE /* Insertion Sort.c */; };
/* End PBXBuildFile section */

/* Begin PBXCopyFilesBuildPhase section */
		40173FDE1E7E407D00CC6BAE /* CopyFiles */ = {
			isa = PBXCopyFilesBuildPhase;
			buildActionMask = 2147483647;
			dstPath = /usr/share/man/man1/;
			dstSubfolderSpec = 0;
			files = (
			);
			runOnlyForDeploymentPostprocessing = 1;
		};
/* End PBXCopyFilesBuildPhase section */

/* Begin PBXFileReference section */
		40173FE01E7E407D00CC6BAE /* Insertion Sort */ = {isa = PBXFileReference; explicitFileType = "compiled.mach-o.executable"; includeInIndex = 0; path = "Insertion Sort"; sourceTree = BUILT_PRODUCTS_DIR; };
		40173FE31E7E407D00CC6BAE /* main.c */ = {isa = PBXFileReference; lastKnownFileType = sourcecode.c.c; path = main.c; sourceTree = "<group>"; };
		40173FEA1E7E409000CC6BAE /* Insertion Sort.c */ = {isa = PBXFileReference; fileEncoding = 4; lastKnownFileType = sourcecode.c.c; path = "Insertion Sort.c"; sourceTree = "<group>"; };
		40173FEB1E7E409000CC6BAE /* Insertion Sort.h */ = {isa = PBXFileReference; fileEncoding = 4; lastKnownFileType = sourcecode.c.h; path = "Insertion Sort.h"; sourceTree = "<group>"; };
/* End PBXFileReference section */

/* Begin PBXFrameworksBuildPhase section */
		40173FDD1E7E407D00CC6BAE /* Frameworks */ = {
			isa = PBXFrameworksBuildPhase;
			buildActionMask = 2147483647;
			files = (
			);
			runOnlyForDeploymentPostprocessing = 0;
		};
/* End PBXFrameworksBuildPhase section */

/* Begin PBXGroup section */
		40173FD71E7E407D00CC6BAE = {
			isa = PBXGroup;
			children = (
				40173FE21E7E407D00CC6BAE /* Insertion Sort */,
				40173FE11E7E407D00CC6BAE /* Products */,
			);
			sourceTree = "<group>";
		};
		40173FE11E7E407D00CC6BAE /* Products */ = {
			isa = PBXGroup;
			children = (
				40173FE01E7E407D00CC6BAE /* Insertion Sort */,
			);
			name = Products;
			sourceTree = "<group>";
		};
		40173FE21E7E407D00CC6BAE /* Insertion Sort */ = {
			isa = PBXGroup;
			children = (
				40173FE31E7E407D00CC6BAE /* main.c */,
				40173FEA1E7E409000CC6BAE /* Insertion Sort.c */,
				40173FEB1E7E409000CC6BAE /* Insertion Sort.h */,
			);
			path = "Insertion Sort";
			sourceTree = "<group>";
		};
/* End PBXGroup section */

/* Begin PBXNativeTarget section */
		40173FDF1E7E407D00CC6BAE /* Insertion Sort */ = {
			isa = PBXNativeTarget;
			buildConfigurationList = 40173FE71E7E407D00CC6BAE /* Build configuration list for PBXNativeTarget "Insertion Sort" */;
			buildPhases = (
				40173FDC1E7E407D00CC6BAE /* Sources */,
				40173FDD1E7E407D00CC6BAE /* Frameworks */,
				40173FDE1E7E407D00CC6BAE /* CopyFiles */,
			);
			buildRules = (
			);
			dependencies = (
			);
			name = "Insertion Sort";
			productName = "Insertion Sort";
			productReference = 40173FE01E7E407D00CC6BAE /* Insertion Sort */;
			productType = "com.apple.product-type.tool";
		};
/* End PBXNativeTarget section */

/* Begin PBXProject section */
		40173FD81E7E407D00CC6BAE /* Project object */ = {
			isa = PBXProject;
			attributes = {
				LastUpgradeCheck = 0820;
				ORGANIZATIONNAME = "Trang Nguyen";
				TargetAttributes = {
					40173FDF1E7E407D00CC6BAE = {
						CreatedOnToolsVersion = 8.2.1;
						ProvisioningStyle = Automatic;
					};
				};
			};
			buildConfigurationList = 40173FDB1E7E407D00CC6BAE /* Build configuration list for PBXProject "Insertion Sort" */;
			compatibilityVersion = "Xcode 3.2";
			developmentRegion = English;
			hasScannedForEncodings = 0;
			knownRegions = (
				en,
			);
			mainGroup = 40173FD71E7E407D00CC6BAE;
			productRefGroup = 40173FE11E7E407D00CC6BAE /* Products */;
			projectDirPath = "";
			projectRoot = "";
			targets = (
				40173FDF1E7E407D00CC6BAE /* Insertion Sort */,
			);
		};
/* End PBXProject section */

/* Begin PBXSourcesBuildPhase section */
		40173FDC1E7E407D00CC6BAE /* Sources */ = {
			isa = PBXSourcesBuildPhase;
			buildActionMask = 2147483647;
			files = (
				40173FEC1E7E409000CC6BAE /* Insertion Sort.c in Sources */,
				40173FE41E7E407D00CC6BAE /* main.c in Sources */,
			);
			runOnlyForDeploymentPostprocessing = 0;
		};
/* End PBXSourcesBuildPhase section */

/* Begin XCBuildConfiguration section */
		40173FE51E7E407D00CC6BAE /* Debug */ = {
			isa = XCBuildConfiguration;
			buildSettings = {
				ALWAYS_SEARCH_USER_PATHS = NO;
				CLANG_ANALYZER_NONNULL = YES;
				CLANG_CXX_LANGUAGE_STANDARD = "gnu++0x";
				CLANG_CXX_LIBRARY = "libc++";
				CLANG_ENABLE_MODULES = YES;
				CLANG_ENABLE_OBJC_ARC = YES;
				CLANG_WARN_BOOL_CONVERSION = YES;
				CLANG_WARN_CONSTANT_CONVERSION = YES;
				CLANG_WARN_DIRECT_OBJC_ISA_USAGE = YES_ERROR;
				CLANG_WARN_DOCUMENTATION_COMMENTS = YES;
				CLANG_WARN_EMPTY_BODY = YES;
				CLANG_WARN_ENUM_CONVERSION = YES;
				CLANG_WARN_INFINITE_RECURSION = YES;
				CLANG_WARN_INT_CONVERSION = YES;
				CLANG_WARN_OBJC_ROOT_CLASS = YES_ERROR;
				CLANG_WARN_SUSPICIOUS_MOVE = YES;
				CLANG_WARN_UNREACHABLE_CODE = YES;
				CLANG_WARN__DUPLICATE_METHOD_MATCH = YES;
				CODE_SIGN_IDENTITY = "-";
				COPY_PHASE_STRIP = NO;
				DEBUG_INFORMATION_FORMAT = dwarf;
				ENABLE_STRICT_OBJC_MSGSEND = YES;
				ENABLE_TESTABILITY = YES;
				GCC_C_LANGUAGE_STANDARD = gnu99;
				GCC_DYNAMIC_NO_PIC = NO;
				GCC_NO_COMMON_BLOCKS = YES;
				GCC_OPTIMIZATION_LEVEL = 0;
				GCC_PREPROCESSOR_DEFINITIONS = (
					"DEBUG=1",
					"$(inherited)",
				);
				GCC_WARN_64_TO_32_BIT_CONVERSION = YES;
				GCC_WARN_ABOUT_RETURN_TYPE = YES_ERROR;
				GCC_WARN_UNDECLARED_SELECTOR = YES;
				GCC_WARN_UNINITIALIZED_AUTOS = YES_AGGRESSIVE;
				GCC_WARN_UNUSED_FUNCTION = YES;
				GCC_WARN_UNUSED_VARIABLE = YES;
				MACOSX_DEPLOYMENT_TARGET = 10.11;
				MTL_ENABLE_DEBUG_INFO = YES;
				ONLY_ACTIVE_ARCH = YES;
				SDKROOT = macosx;
			};
			name = Debug;
		};
		40173FE61E7E407D00CC6BAE /* Release */ = {
			isa = XCBuildConfiguration;
			buildSettings = {
				ALWAYS_SEARCH_USER_PATHS = NO;
				CLANG_ANALYZER_NONNULL = YES;
				CLANG_CXX_LANGUAGE_STANDARD = "gnu++0x";
				CLANG_CXX_LIBRARY = "libc++";
				CLANG_ENABLE_MODULES = YES;
				CLANG_ENABLE_OBJC_ARC = YES;
				CLANG_WARN_BOOL_CONVERSION = YES;
				CLANG_WARN_CONSTANT_CONVERSION = YES;
				CLANG_WARN_DIRECT_OBJC_ISA_USAGE = YES_ERROR;
				CLANG_WARN_DOCUMENTATION_COMMENTS = YES;
				CLANG_WARN_EMPTY_BODY = YES;
				CLANG_WARN_ENUM_CONVERSION = YES;
				CLANG_WARN_INFINITE_RECURSION = YES;
				CLANG_WARN_INT_CONVERSION = YES;
				CLANG_WARN_OBJC_ROOT_CLASS = YES_ERROR;
				CLANG_WARN_SUSPICIOUS_MOVE = YES;
				CLANG_WARN_UNREACHABLE_CODE = YES;
				CLANG_WARN__DUPLICATE_METHOD_MATCH = YES;
				CODE_SIGN_IDENTITY = "-";
				COPY_PHASE_STRIP = NO;
				DEBUG_INFORMATION_FORMAT = "dwarf-with-dsym";
				ENABLE_NS_ASSERTIONS = NO;
				ENABLE_STRICT_OBJC_MSGSEND = YES;
				GCC_C_LANGUAGE_STANDARD = gnu99;
				GCC_NO_COMMON_BLOCKS = YES;
				GCC_WARN_64_TO_32_BIT_CONVERSION = YES;
				GCC_WARN_ABOUT_RETURN_TYPE = YES_ERROR;
				GCC_WARN_UNDECLARED_SELECTOR = YES;
				GCC_WARN_UNINITIALIZED_AUTOS = YES_AGGRESSIVE;
				GCC_WARN_UNUSED_FUNCTION = YES;
				GCC_WARN_UNUSED_VARIABLE = YES;
				MACOSX_DEPLOYMENT_TARGET = 10.11;
				MTL_ENABLE_DEBUG_INFO = NO;
				SDKROOT = macosx;
			};
			name = Release;
		};
		40173FE81E7E407D00CC6BAE /* Debug */ = {
			isa = XCBuildConfiguration;
			buildSettings = {
				PRODUCT_NAME = "$(TARGET_NAME)";
			};
			name = Debug;
		};
		40173FE91E7E407D00CC6BAE /* Release */ = {
			isa = XCBuildConfiguration;
			buildSettings = {
				PRODUCT_NAME = "$(TARGET_NAME)";
			};
			name = Release;
		};
/* End XCBuildConfiguration section */

/* Begin XCConfigurationList section */
		40173FDB1E7E407D00CC6BAE /* Build configuration list for PBXProject "Insertion Sort" */ = {
			isa = XCConfigurationList;
			buildConfigurations = (
				40173FE51E7E407D00CC6BAE /* Debug */,
				40173FE61E7E407D00CC6BAE /* Release */,
			);
			defaultConfigurationIsVisible = 0;
			defaultConfigurationName = Release;
		};
		40173FE71E7E407D00CC6BAE /* Build configuration list for PBXNativeTarget "Insertion Sort" */ = {
			isa = XCConfigurationList;
			buildConfigurations = (
				40173FE81E7E407D00CC6BAE /* Debug */,
				40173FE91E7E407D00CC6BAE /* Release */,
			);
			defaultConfigurationIsVisible = 0;
		};
/* End XCConfigurationList section */
	};
	rootObject = 40173FD81E7E407D00CC6BAE /* Project object */;
}
