// !$*UTF8*$!
{
	archiveVersion = 1;
	classes = {
	};
	objectVersion = 46;
	objects = {

/* Begin PBXBuildFile section */
		4028D5731F6EDBBA00263A6F /* main.c in Sources */ = {isa = PBXBuildFile; fileRef = 4028D5721F6EDBBA00263A6F /* main.c */; };
		4028D57B1F6EDBCA00263A6F /* Kruskal.c in Sources */ = {isa = PBXBuildFile; fileRef = 4028D5791F6EDBCA00263A6F /* Kruskal.c */; };
/* End PBXBuildFile section */

/* Begin PBXCopyFilesBuildPhase section */
		4028D56D1F6EDBBA00263A6F /* CopyFiles */ = {
			isa = PBXCopyFilesBuildPhase;
			buildActionMask = 2147483647;
			dstPath = /usr/share/man/man1/;
			dstSubfolderSpec = 0;
			files = (
			);
			runOnlyForDeploymentPostprocessing = 1;
		};
/* End PBXCopyFilesBuildPhase section */

/* Begin PBXFileReference section */
		4028D56F1F6EDBBA00263A6F /* Kruskal */ = {isa = PBXFileReference; explicitFileType = "compiled.mach-o.executable"; includeInIndex = 0; path = Kruskal; sourceTree = BUILT_PRODUCTS_DIR; };
		4028D5721F6EDBBA00263A6F /* main.c */ = {isa = PBXFileReference; lastKnownFileType = sourcecode.c.c; path = main.c; sourceTree = "<group>"; };
		4028D5791F6EDBCA00263A6F /* Kruskal.c */ = {isa = PBXFileReference; fileEncoding = 4; lastKnownFileType = sourcecode.c.c; path = Kruskal.c; sourceTree = "<group>"; };
		4028D57A1F6EDBCA00263A6F /* Kruskal.h */ = {isa = PBXFileReference; fileEncoding = 4; lastKnownFileType = sourcecode.c.h; path = Kruskal.h; sourceTree = "<group>"; };
/* End PBXFileReference section */

/* Begin PBXFrameworksBuildPhase section */
		4028D56C1F6EDBBA00263A6F /* Frameworks */ = {
			isa = PBXFrameworksBuildPhase;
			buildActionMask = 2147483647;
			files = (
			);
			runOnlyForDeploymentPostprocessing = 0;
		};
/* End PBXFrameworksBuildPhase section */

/* Begin PBXGroup section */
		4028D5661F6EDBBA00263A6F = {
			isa = PBXGroup;
			children = (
				4028D5711F6EDBBA00263A6F /* Kruskal */,
				4028D5701F6EDBBA00263A6F /* Products */,
			);
			sourceTree = "<group>";
		};
		4028D5701F6EDBBA00263A6F /* Products */ = {
			isa = PBXGroup;
			children = (
				4028D56F1F6EDBBA00263A6F /* Kruskal */,
			);
			name = Products;
			sourceTree = "<group>";
		};
		4028D5711F6EDBBA00263A6F /* Kruskal */ = {
			isa = PBXGroup;
			children = (
				4028D5721F6EDBBA00263A6F /* main.c */,
				4028D5791F6EDBCA00263A6F /* Kruskal.c */,
				4028D57A1F6EDBCA00263A6F /* Kruskal.h */,
			);
			path = Kruskal;
			sourceTree = "<group>";
		};
/* End PBXGroup section */

/* Begin PBXNativeTarget section */
		4028D56E1F6EDBBA00263A6F /* Kruskal */ = {
			isa = PBXNativeTarget;
			buildConfigurationList = 4028D5761F6EDBBA00263A6F /* Build configuration list for PBXNativeTarget "Kruskal" */;
			buildPhases = (
				4028D56B1F6EDBBA00263A6F /* Sources */,
				4028D56C1F6EDBBA00263A6F /* Frameworks */,
				4028D56D1F6EDBBA00263A6F /* CopyFiles */,
			);
			buildRules = (
			);
			dependencies = (
			);
			name = Kruskal;
			productName = Kruskal;
			productReference = 4028D56F1F6EDBBA00263A6F /* Kruskal */;
			productType = "com.apple.product-type.tool";
		};
/* End PBXNativeTarget section */

/* Begin PBXProject section */
		4028D5671F6EDBBA00263A6F /* Project object */ = {
			isa = PBXProject;
			attributes = {
				LastUpgradeCheck = 0820;
				ORGANIZATIONNAME = "Trang Nguyen";
				TargetAttributes = {
					4028D56E1F6EDBBA00263A6F = {
						CreatedOnToolsVersion = 8.2.1;
						ProvisioningStyle = Automatic;
					};
				};
			};
			buildConfigurationList = 4028D56A1F6EDBBA00263A6F /* Build configuration list for PBXProject "Kruskal" */;
			compatibilityVersion = "Xcode 3.2";
			developmentRegion = English;
			hasScannedForEncodings = 0;
			knownRegions = (
				en,
			);
			mainGroup = 4028D5661F6EDBBA00263A6F;
			productRefGroup = 4028D5701F6EDBBA00263A6F /* Products */;
			projectDirPath = "";
			projectRoot = "";
			targets = (
				4028D56E1F6EDBBA00263A6F /* Kruskal */,
			);
		};
/* End PBXProject section */

/* Begin PBXSourcesBuildPhase section */
		4028D56B1F6EDBBA00263A6F /* Sources */ = {
			isa = PBXSourcesBuildPhase;
			buildActionMask = 2147483647;
			files = (
				4028D5731F6EDBBA00263A6F /* main.c in Sources */,
				4028D57B1F6EDBCA00263A6F /* Kruskal.c in Sources */,
			);
			runOnlyForDeploymentPostprocessing = 0;
		};
/* End PBXSourcesBuildPhase section */

/* Begin XCBuildConfiguration section */
		4028D5741F6EDBBA00263A6F /* Debug */ = {
			isa = XCBuildConfiguration;
			buildSettings = {
				ALWAYS_SEARCH_USER_PATHS = NO;
				CLANG_ANALYZER_NONNULL = YES;
				CLANG_CXX_LANGUAGE_STANDARD = "gnu++0x";
				CLANG_CXX_LIBRARY = "libc++";
				CLANG_ENABLE_MODULES = YES;
				CLANG_ENABLE_OBJC_ARC = YES;
				CLANG_WARN_BOOL_CONVERSION = YES;
				CLANG_WARN_CONSTANT_CONVERSION = YES;
				CLANG_WARN_DIRECT_OBJC_ISA_USAGE = YES_ERROR;
				CLANG_WARN_DOCUMENTATION_COMMENTS = YES;
				CLANG_WARN_EMPTY_BODY = YES;
				CLANG_WARN_ENUM_CONVERSION = YES;
				CLANG_WARN_INFINITE_RECURSION = YES;
				CLANG_WARN_INT_CONVERSION = YES;
				CLANG_WARN_OBJC_ROOT_CLASS = YES_ERROR;
				CLANG_WARN_SUSPICIOUS_MOVE = YES;
				CLANG_WARN_UNREACHABLE_CODE = YES;
				CLANG_WARN__DUPLICATE_METHOD_MATCH = YES;
				CODE_SIGN_IDENTITY = "-";
				COPY_PHASE_STRIP = NO;
				DEBUG_INFORMATION_FORMAT = dwarf;
				ENABLE_STRICT_OBJC_MSGSEND = YES;
				ENABLE_TESTABILITY = YES;
				GCC_C_LANGUAGE_STANDARD = gnu99;
				GCC_DYNAMIC_NO_PIC = NO;
				GCC_NO_COMMON_BLOCKS = YES;
				GCC_OPTIMIZATION_LEVEL = 0;
				GCC_PREPROCESSOR_DEFINITIONS = (
					"DEBUG=1",
					"$(inherited)",
				);
				GCC_WARN_64_TO_32_BIT_CONVERSION = YES;
				GCC_WARN_ABOUT_RETURN_TYPE = YES_ERROR;
				GCC_WARN_UNDECLARED_SELECTOR = YES;
				GCC_WARN_UNINITIALIZED_AUTOS = YES_AGGRESSIVE;
				GCC_WARN_UNUSED_FUNCTION = YES;
				GCC_WARN_UNUSED_VARIABLE = YES;
				MACOSX_DEPLOYMENT_TARGET = 10.11;
				MTL_ENABLE_DEBUG_INFO = YES;
				ONLY_ACTIVE_ARCH = YES;
				SDKROOT = macosx;
			};
			name = Debug;
		};
		4028D5751F6EDBBA00263A6F /* Release */ = {
			isa = XCBuildConfiguration;
			buildSettings = {
				ALWAYS_SEARCH_USER_PATHS = NO;
				CLANG_ANALYZER_NONNULL = YES;
				CLANG_CXX_LANGUAGE_STANDARD = "gnu++0x";
				CLANG_CXX_LIBRARY = "libc++";
				CLANG_ENABLE_MODULES = YES;
				CLANG_ENABLE_OBJC_ARC = YES;
				CLANG_WARN_BOOL_CONVERSION = YES;
				CLANG_WARN_CONSTANT_CONVERSION = YES;
				CLANG_WARN_DIRECT_OBJC_ISA_USAGE = YES_ERROR;
				CLANG_WARN_DOCUMENTATION_COMMENTS = YES;
				CLANG_WARN_EMPTY_BODY = YES;
				CLANG_WARN_ENUM_CONVERSION = YES;
				CLANG_WARN_INFINITE_RECURSION = YES;
				CLANG_WARN_INT_CONVERSION = YES;
				CLANG_WARN_OBJC_ROOT_CLASS = YES_ERROR;
				CLANG_WARN_SUSPICIOUS_MOVE = YES;
				CLANG_WARN_UNREACHABLE_CODE = YES;
				CLANG_WARN__DUPLICATE_METHOD_MATCH = YES;
				CODE_SIGN_IDENTITY = "-";
				COPY_PHASE_STRIP = NO;
				DEBUG_INFORMATION_FORMAT = "dwarf-with-dsym";
				ENABLE_NS_ASSERTIONS = NO;
				ENABLE_STRICT_OBJC_MSGSEND = YES;
				GCC_C_LANGUAGE_STANDARD = gnu99;
				GCC_NO_COMMON_BLOCKS = YES;
				GCC_WARN_64_TO_32_BIT_CONVERSION = YES;
				GCC_WARN_ABOUT_RETURN_TYPE = YES_ERROR;
				GCC_WARN_UNDECLARED_SELECTOR = YES;
				GCC_WARN_UNINITIALIZED_AUTOS = YES_AGGRESSIVE;
				GCC_WARN_UNUSED_FUNCTION = YES;
				GCC_WARN_UNUSED_VARIABLE = YES;
				MACOSX_DEPLOYMENT_TARGET = 10.11;
				MTL_ENABLE_DEBUG_INFO = NO;
				SDKROOT = macosx;
			};
			name = Release;
		};
		4028D5771F6EDBBA00263A6F /* Debug */ = {
			isa = XCBuildConfiguration;
			buildSettings = {
				PRODUCT_NAME = "$(TARGET_NAME)";
			};
			name = Debug;
		};
		4028D5781F6EDBBA00263A6F /* Release */ = {
			isa = XCBuildConfiguration;
			buildSettings = {
				PRODUCT_NAME = "$(TARGET_NAME)";
			};
			name = Release;
		};
/* End XCBuildConfiguration section */

/* Begin XCConfigurationList section */
		4028D56A1F6EDBBA00263A6F /* Build configuration list for PBXProject "Kruskal" */ = {
			isa = XCConfigurationList;
			buildConfigurations = (
				4028D5741F6EDBBA00263A6F /* Debug */,
				4028D5751F6EDBBA00263A6F /* Release */,
			);
			defaultConfigurationIsVisible = 0;
			defaultConfigurationName = Release;
		};
		4028D5761F6EDBBA00263A6F /* Build configuration list for PBXNativeTarget "Kruskal" */ = {
			isa = XCConfigurationList;
			buildConfigurations = (
				4028D5771F6EDBBA00263A6F /* Debug */,
				4028D5781F6EDBBA00263A6F /* Release */,
			);
			defaultConfigurationIsVisible = 0;
		};
/* End XCConfigurationList section */
	};
	rootObject = 4028D5671F6EDBBA00263A6F /* Project object */;
}
