// !$*UTF8*$!
{
	archiveVersion = 1;
	classes = {
	};
	objectVersion = 46;
	objects = {

/* Begin PBXBuildFile section */
		18CA792E1DCF94D2007A1EFA /* main.cpp in Sources */ = {isa = PBXBuildFile; fileRef = 18CA792D1DCF94D2007A1EFA /* main.cpp */; };
/* End PBXBuildFile section */

/* Begin PBXCopyFilesBuildPhase section */
		18CA79281DCF94D2007A1EFA /* CopyFiles */ = {
			isa = PBXCopyFilesBuildPhase;
			buildActionMask = 2147483647;
			dstPath = /usr/share/man/man1/;
			dstSubfolderSpec = 0;
			files = (
			);
			runOnlyForDeploymentPostprocessing = 1;
		};
/* End PBXCopyFilesBuildPhase section */

/* Begin PBXFileReference section */
		18CA792A1DCF94D2007A1EFA /* tim phan tu lop thu k (cach 2) */ = {isa = PBXFileReference; explicitFileType = "compiled.mach-o.executable"; includeInIndex = 0; path = "tim phan tu lop thu k (cach 2)"; sourceTree = BUILT_PRODUCTS_DIR; };
		18CA792D1DCF94D2007A1EFA /* main.cpp */ = {isa = PBXFileReference; explicitFileType = sourcecode.cpp.cpp; path = main.cpp; sourceTree = "<group>"; };
/* End PBXFileReference section */

/* Begin PBXFrameworksBuildPhase section */
		18CA79271DCF94D2007A1EFA /* Frameworks */ = {
			isa = PBXFrameworksBuildPhase;
			buildActionMask = 2147483647;
			files = (
			);
			runOnlyForDeploymentPostprocessing = 0;
		};
/* End PBXFrameworksBuildPhase section */

/* Begin PBXGroup section */
		18CA79211DCF94D2007A1EFA = {
			isa = PBXGroup;
			children = (
				18CA792C1DCF94D2007A1EFA /* tim phan tu lop thu k (cach 2) */,
				18CA792B1DCF94D2007A1EFA /* Products */,
			);
			sourceTree = "<group>";
		};
		18CA792B1DCF94D2007A1EFA /* Products */ = {
			isa = PBXGroup;
			children = (
				18CA792A1DCF94D2007A1EFA /* tim phan tu lop thu k (cach 2) */,
			);
			name = Products;
			sourceTree = "<group>";
		};
		18CA792C1DCF94D2007A1EFA /* tim phan tu lop thu k (cach 2) */ = {
			isa = PBXGroup;
			children = (
				18CA792D1DCF94D2007A1EFA /* main.cpp */,
			);
			path = "tim phan tu lop thu k (cach 2)";
			sourceTree = "<group>";
		};
/* End PBXGroup section */

/* Begin PBXNativeTarget section */
		18CA79291DCF94D2007A1EFA /* tim phan tu lop thu k (cach 2) */ = {
			isa = PBXNativeTarget;
			buildConfigurationList = 18CA79311DCF94D2007A1EFA /* Build configuration list for PBXNativeTarget "tim phan tu lop thu k (cach 2)" */;
			buildPhases = (
				18CA79261DCF94D2007A1EFA /* Sources */,
				18CA79271DCF94D2007A1EFA /* Frameworks */,
				18CA79281DCF94D2007A1EFA /* CopyFiles */,
			);
			buildRules = (
			);
			dependencies = (
			);
			name = "tim phan tu lop thu k (cach 2)";
			productName = "tim phan tu lop thu k (cach 2)";
			productReference = 18CA792A1DCF94D2007A1EFA /* tim phan tu lop thu k (cach 2) */;
			productType = "com.apple.product-type.tool";
		};
/* End PBXNativeTarget section */

/* Begin PBXProject section */
		18CA79221DCF94D2007A1EFA /* Project object */ = {
			isa = PBXProject;
			attributes = {
				LastUpgradeCheck = 0730;
				ORGANIZATIONNAME = Apple;
				TargetAttributes = {
					18CA79291DCF94D2007A1EFA = {
						CreatedOnToolsVersion = 7.3.1;
					};
				};
			};
			buildConfigurationList = 18CA79251DCF94D2007A1EFA /* Build configuration list for PBXProject "tim phan tu lop thu k (cach 2)" */;
			compatibilityVersion = "Xcode 3.2";
			developmentRegion = English;
			hasScannedForEncodings = 0;
			knownRegions = (
				en,
			);
			mainGroup = 18CA79211DCF94D2007A1EFA;
			productRefGroup = 18CA792B1DCF94D2007A1EFA /* Products */;
			projectDirPath = "";
			projectRoot = "";
			targets = (
				18CA79291DCF94D2007A1EFA /* tim phan tu lop thu k (cach 2) */,
			);
		};
/* End PBXProject section */

/* Begin PBXSourcesBuildPhase section */
		18CA79261DCF94D2007A1EFA /* Sources */ = {
			isa = PBXSourcesBuildPhase;
			buildActionMask = 2147483647;
			files = (
				18CA792E1DCF94D2007A1EFA /* main.cpp in Sources */,
			);
			runOnlyForDeploymentPostprocessing = 0;
		};
/* End PBXSourcesBuildPhase section */

/* Begin XCBuildConfiguration section */
		18CA792F1DCF94D2007A1EFA /* Debug */ = {
			isa = XCBuildConfiguration;
			buildSettings = {
				ALWAYS_SEARCH_USER_PATHS = NO;
				CLANG_ANALYZER_NONNULL = YES;
				CLANG_CXX_LANGUAGE_STANDARD = "gnu++0x";
				CLANG_CXX_LIBRARY = "libc++";
				CLANG_ENABLE_MODULES = YES;
				CLANG_ENABLE_OBJC_ARC = YES;
				CLANG_WARN_BOOL_CONVERSION = YES;
				CLANG_WARN_CONSTANT_CONVERSION = YES;
				CLANG_WARN_DIRECT_OBJC_ISA_USAGE = YES_ERROR;
				CLANG_WARN_EMPTY_BODY = YES;
				CLANG_WARN_ENUM_CONVERSION = YES;
				CLANG_WARN_INT_CONVERSION = YES;
				CLANG_WARN_OBJC_ROOT_CLASS = YES_ERROR;
				CLANG_WARN_UNREACHABLE_CODE = YES;
				CLANG_WARN__DUPLICATE_METHOD_MATCH = YES;
				CODE_SIGN_IDENTITY = "-";
				COPY_PHASE_STRIP = NO;
				DEBUG_INFORMATION_FORMAT = dwarf;
				ENABLE_STRICT_OBJC_MSGSEND = YES;
				ENABLE_TESTABILITY = YES;
				GCC_C_LANGUAGE_STANDARD = gnu99;
				GCC_DYNAMIC_NO_PIC = NO;
				GCC_NO_COMMON_BLOCKS = YES;
				GCC_OPTIMIZATION_LEVEL = 0;
				GCC_PREPROCESSOR_DEFINITIONS = (
					"DEBUG=1",
					"$(inherited)",
				);
				GCC_WARN_64_TO_32_BIT_CONVERSION = YES;
				GCC_WARN_ABOUT_RETURN_TYPE = YES_ERROR;
				GCC_WARN_UNDECLARED_SELECTOR = YES;
				GCC_WARN_UNINITIALIZED_AUTOS = YES_AGGRESSIVE;
				GCC_WARN_UNUSED_FUNCTION = YES;
				GCC_WARN_UNUSED_VARIABLE = YES;
				MACOSX_DEPLOYMENT_TARGET = 10.11;
				MTL_ENABLE_DEBUG_INFO = YES;
				ONLY_ACTIVE_ARCH = YES;
				SDKROOT = macosx;
			};
			name = Debug;
		};
		18CA79301DCF94D2007A1EFA /* Release */ = {
			isa = XCBuildConfiguration;
			buildSettings = {
				ALWAYS_SEARCH_USER_PATHS = NO;
				CLANG_ANALYZER_NONNULL = YES;
				CLANG_CXX_LANGUAGE_STANDARD = "gnu++0x";
				CLANG_CXX_LIBRARY = "libc++";
				CLANG_ENABLE_MODULES = YES;
				CLANG_ENABLE_OBJC_ARC = YES;
				CLANG_WARN_BOOL_CONVERSION = YES;
				CLANG_WARN_CONSTANT_CONVERSION = YES;
				CLANG_WARN_DIRECT_OBJC_ISA_USAGE = YES_ERROR;
				CLANG_WARN_EMPTY_BODY = YES;
				CLANG_WARN_ENUM_CONVERSION = YES;
				CLANG_WARN_INT_CONVERSION = YES;
				CLANG_WARN_OBJC_ROOT_CLASS = YES_ERROR;
				CLANG_WARN_UNREACHABLE_CODE = YES;
				CLANG_WARN__DUPLICATE_METHOD_MATCH = YES;
				CODE_SIGN_IDENTITY = "-";
				COPY_PHASE_STRIP = NO;
				DEBUG_INFORMATION_FORMAT = "dwarf-with-dsym";
				ENABLE_NS_ASSERTIONS = NO;
				ENABLE_STRICT_OBJC_MSGSEND = YES;
				GCC_C_LANGUAGE_STANDARD = gnu99;
				GCC_NO_COMMON_BLOCKS = YES;
				GCC_WARN_64_TO_32_BIT_CONVERSION = YES;
				GCC_WARN_ABOUT_RETURN_TYPE = YES_ERROR;
				GCC_WARN_UNDECLARED_SELECTOR = YES;
				GCC_WARN_UNINITIALIZED_AUTOS = YES_AGGRESSIVE;
				GCC_WARN_UNUSED_FUNCTION = YES;
				GCC_WARN_UNUSED_VARIABLE = YES;
				MACOSX_DEPLOYMENT_TARGET = 10.11;
				MTL_ENABLE_DEBUG_INFO = NO;
				SDKROOT = macosx;
			};
			name = Release;
		};
		18CA79321DCF94D2007A1EFA /* Debug */ = {
			isa = XCBuildConfiguration;
			buildSettings = {
				PRODUCT_NAME = "$(TARGET_NAME)";
			};
			name = Debug;
		};
		18CA79331DCF94D2007A1EFA /* Release */ = {
			isa = XCBuildConfiguration;
			buildSettings = {
				PRODUCT_NAME = "$(TARGET_NAME)";
			};
			name = Release;
		};
/* End XCBuildConfiguration section */

/* Begin XCConfigurationList section */
		18CA79251DCF94D2007A1EFA /* Build configuration list for PBXProject "tim phan tu lop thu k (cach 2)" */ = {
			isa = XCConfigurationList;
			buildConfigurations = (
				18CA792F1DCF94D2007A1EFA /* Debug */,
				18CA79301DCF94D2007A1EFA /* Release */,
			);
			defaultConfigurationIsVisible = 0;
			defaultConfigurationName = Release;
		};
		18CA79311DCF94D2007A1EFA /* Build configuration list for PBXNativeTarget "tim phan tu lop thu k (cach 2)" */ = {
			isa = XCConfigurationList;
			buildConfigurations = (
				18CA79321DCF94D2007A1EFA /* Debug */,
				18CA79331DCF94D2007A1EFA /* Release */,
			);
			defaultConfigurationIsVisible = 0;
			defaultConfigurationName = Release;
		};
/* End XCConfigurationList section */
	};
	rootObject = 18CA79221DCF94D2007A1EFA /* Project object */;
}
