// !$*UTF8*$!
{
	archiveVersion = 1;
	classes = {
	};
	objectVersion = 46;
	objects = {

/* Begin PBXBuildFile section */
		40C2AE1A1F40DE1700F33709 /* main.c in Sources */ = {isa = PBXBuildFile; fileRef = 40C2AE191F40DE1700F33709 /* main.c */; };
		40C2AE221F40DE5300F33709 /* AdjacencyListGraph.c in Sources */ = {isa = PBXBuildFile; fileRef = 40C2AE201F40DE5300F33709 /* AdjacencyListGraph.c */; };
/* End PBXBuildFile section */

/* Begin PBXCopyFilesBuildPhase section */
		40C2AE141F40DE1700F33709 /* CopyFiles */ = {
			isa = PBXCopyFilesBuildPhase;
			buildActionMask = 2147483647;
			dstPath = /usr/share/man/man1/;
			dstSubfolderSpec = 0;
			files = (
			);
			runOnlyForDeploymentPostprocessing = 1;
		};
/* End PBXCopyFilesBuildPhase section */

/* Begin PBXFileReference section */
		40C2AE161F40DE1700F33709 /* DFS_BFS(Gia Su) */ = {isa = PBXFileReference; explicitFileType = "compiled.mach-o.executable"; includeInIndex = 0; path = "DFS_BFS(Gia Su)"; sourceTree = BUILT_PRODUCTS_DIR; };
		40C2AE191F40DE1700F33709 /* main.c */ = {isa = PBXFileReference; lastKnownFileType = sourcecode.c.c; path = main.c; sourceTree = "<group>"; };
		40C2AE201F40DE5300F33709 /* AdjacencyListGraph.c */ = {isa = PBXFileReference; fileEncoding = 4; lastKnownFileType = sourcecode.c.c; path = AdjacencyListGraph.c; sourceTree = "<group>"; };
		40C2AE211F40DE5300F33709 /* AdjacencyListGraph.h */ = {isa = PBXFileReference; fileEncoding = 4; lastKnownFileType = sourcecode.c.h; path = AdjacencyListGraph.h; sourceTree = "<group>"; };
/* End PBXFileReference section */

/* Begin PBXFrameworksBuildPhase section */
		40C2AE131F40DE1700F33709 /* Frameworks */ = {
			isa = PBXFrameworksBuildPhase;
			buildActionMask = 2147483647;
			files = (
			);
			runOnlyForDeploymentPostprocessing = 0;
		};
/* End PBXFrameworksBuildPhase section */

/* Begin PBXGroup section */
		40C2AE0D1F40DE1700F33709 = {
			isa = PBXGroup;
			children = (
				40C2AE181F40DE1700F33709 /* DFS_BFS(Gia Su) */,
				40C2AE171F40DE1700F33709 /* Products */,
			);
			sourceTree = "<group>";
		};
		40C2AE171F40DE1700F33709 /* Products */ = {
			isa = PBXGroup;
			children = (
				40C2AE161F40DE1700F33709 /* DFS_BFS(Gia Su) */,
			);
			name = Products;
			sourceTree = "<group>";
		};
		40C2AE181F40DE1700F33709 /* DFS_BFS(Gia Su) */ = {
			isa = PBXGroup;
			children = (
				40C2AE191F40DE1700F33709 /* main.c */,
				40C2AE201F40DE5300F33709 /* AdjacencyListGraph.c */,
				40C2AE211F40DE5300F33709 /* AdjacencyListGraph.h */,
			);
			path = "DFS_BFS(Gia Su)";
			sourceTree = "<group>";
		};
/* End PBXGroup section */

/* Begin PBXNativeTarget section */
		40C2AE151F40DE1700F33709 /* DFS_BFS(Gia Su) */ = {
			isa = PBXNativeTarget;
			buildConfigurationList = 40C2AE1D1F40DE1700F33709 /* Build configuration list for PBXNativeTarget "DFS_BFS(Gia Su)" */;
			buildPhases = (
				40C2AE121F40DE1700F33709 /* Sources */,
				40C2AE131F40DE1700F33709 /* Frameworks */,
				40C2AE141F40DE1700F33709 /* CopyFiles */,
			);
			buildRules = (
			);
			dependencies = (
			);
			name = "DFS_BFS(Gia Su)";
			productName = "DFS_BFS(Gia Su)";
			productReference = 40C2AE161F40DE1700F33709 /* DFS_BFS(Gia Su) */;
			productType = "com.apple.product-type.tool";
		};
/* End PBXNativeTarget section */

/* Begin PBXProject section */
		40C2AE0E1F40DE1700F33709 /* Project object */ = {
			isa = PBXProject;
			attributes = {
				LastUpgradeCheck = 0820;
				ORGANIZATIONNAME = "Trang Nguyen";
				TargetAttributes = {
					40C2AE151F40DE1700F33709 = {
						CreatedOnToolsVersion = 8.2.1;
						ProvisioningStyle = Automatic;
					};
				};
			};
			buildConfigurationList = 40C2AE111F40DE1700F33709 /* Build configuration list for PBXProject "DFS_BFS(Gia Su)" */;
			compatibilityVersion = "Xcode 3.2";
			developmentRegion = English;
			hasScannedForEncodings = 0;
			knownRegions = (
				en,
			);
			mainGroup = 40C2AE0D1F40DE1700F33709;
			productRefGroup = 40C2AE171F40DE1700F33709 /* Products */;
			projectDirPath = "";
			projectRoot = "";
			targets = (
				40C2AE151F40DE1700F33709 /* DFS_BFS(Gia Su) */,
			);
		};
/* End PBXProject section */

/* Begin PBXSourcesBuildPhase section */
		40C2AE121F40DE1700F33709 /* Sources */ = {
			isa = PBXSourcesBuildPhase;
			buildActionMask = 2147483647;
			files = (
				40C2AE1A1F40DE1700F33709 /* main.c in Sources */,
				40C2AE221F40DE5300F33709 /* AdjacencyListGraph.c in Sources */,
			);
			runOnlyForDeploymentPostprocessing = 0;
		};
/* End PBXSourcesBuildPhase section */

/* Begin XCBuildConfiguration section */
		40C2AE1B1F40DE1700F33709 /* Debug */ = {
			isa = XCBuildConfiguration;
			buildSettings = {
				ALWAYS_SEARCH_USER_PATHS = NO;
				CLANG_ANALYZER_NONNULL = YES;
				CLANG_CXX_LANGUAGE_STANDARD = "gnu++0x";
				CLANG_CXX_LIBRARY = "libc++";
				CLANG_ENABLE_MODULES = YES;
				CLANG_ENABLE_OBJC_ARC = YES;
				CLANG_WARN_BOOL_CONVERSION = YES;
				CLANG_WARN_CONSTANT_CONVERSION = YES;
				CLANG_WARN_DIRECT_OBJC_ISA_USAGE = YES_ERROR;
				CLANG_WARN_DOCUMENTATION_COMMENTS = YES;
				CLANG_WARN_EMPTY_BODY = YES;
				CLANG_WARN_ENUM_CONVERSION = YES;
				CLANG_WARN_INFINITE_RECURSION = YES;
				CLANG_WARN_INT_CONVERSION = YES;
				CLANG_WARN_OBJC_ROOT_CLASS = YES_ERROR;
				CLANG_WARN_SUSPICIOUS_MOVE = YES;
				CLANG_WARN_UNREACHABLE_CODE = YES;
				CLANG_WARN__DUPLICATE_METHOD_MATCH = YES;
				CODE_SIGN_IDENTITY = "-";
				COPY_PHASE_STRIP = NO;
				DEBUG_INFORMATION_FORMAT = dwarf;
				ENABLE_STRICT_OBJC_MSGSEND = YES;
				ENABLE_TESTABILITY = YES;
				GCC_C_LANGUAGE_STANDARD = gnu99;
				GCC_DYNAMIC_NO_PIC = NO;
				GCC_NO_COMMON_BLOCKS = YES;
				GCC_OPTIMIZATION_LEVEL = 0;
				GCC_PREPROCESSOR_DEFINITIONS = (
					"DEBUG=1",
					"$(inherited)",
				);
				GCC_WARN_64_TO_32_BIT_CONVERSION = YES;
				GCC_WARN_ABOUT_RETURN_TYPE = YES_ERROR;
				GCC_WARN_UNDECLARED_SELECTOR = YES;
				GCC_WARN_UNINITIALIZED_AUTOS = YES_AGGRESSIVE;
				GCC_WARN_UNUSED_FUNCTION = YES;
				GCC_WARN_UNUSED_VARIABLE = YES;
				MACOSX_DEPLOYMENT_TARGET = 10.11;
				MTL_ENABLE_DEBUG_INFO = YES;
				ONLY_ACTIVE_ARCH = YES;
				SDKROOT = macosx;
			};
			name = Debug;
		};
		40C2AE1C1F40DE1700F33709 /* Release */ = {
			isa = XCBuildConfiguration;
			buildSettings = {
				ALWAYS_SEARCH_USER_PATHS = NO;
				CLANG_ANALYZER_NONNULL = YES;
				CLANG_CXX_LANGUAGE_STANDARD = "gnu++0x";
				CLANG_CXX_LIBRARY = "libc++";
				CLANG_ENABLE_MODULES = YES;
				CLANG_ENABLE_OBJC_ARC = YES;
				CLANG_WARN_BOOL_CONVERSION = YES;
				CLANG_WARN_CONSTANT_CONVERSION = YES;
				CLANG_WARN_DIRECT_OBJC_ISA_USAGE = YES_ERROR;
				CLANG_WARN_DOCUMENTATION_COMMENTS = YES;
				CLANG_WARN_EMPTY_BODY = YES;
				CLANG_WARN_ENUM_CONVERSION = YES;
				CLANG_WARN_INFINITE_RECURSION = YES;
				CLANG_WARN_INT_CONVERSION = YES;
				CLANG_WARN_OBJC_ROOT_CLASS = YES_ERROR;
				CLANG_WARN_SUSPICIOUS_MOVE = YES;
				CLANG_WARN_UNREACHABLE_CODE = YES;
				CLANG_WARN__DUPLICATE_METHOD_MATCH = YES;
				CODE_SIGN_IDENTITY = "-";
				COPY_PHASE_STRIP = NO;
				DEBUG_INFORMATION_FORMAT = "dwarf-with-dsym";
				ENABLE_NS_ASSERTIONS = NO;
				ENABLE_STRICT_OBJC_MSGSEND = YES;
				GCC_C_LANGUAGE_STANDARD = gnu99;
				GCC_NO_COMMON_BLOCKS = YES;
				GCC_WARN_64_TO_32_BIT_CONVERSION = YES;
				GCC_WARN_ABOUT_RETURN_TYPE = YES_ERROR;
				GCC_WARN_UNDECLARED_SELECTOR = YES;
				GCC_WARN_UNINITIALIZED_AUTOS = YES_AGGRESSIVE;
				GCC_WARN_UNUSED_FUNCTION = YES;
				GCC_WARN_UNUSED_VARIABLE = YES;
				MACOSX_DEPLOYMENT_TARGET = 10.11;
				MTL_ENABLE_DEBUG_INFO = NO;
				SDKROOT = macosx;
			};
			name = Release;
		};
		40C2AE1E1F40DE1700F33709 /* Debug */ = {
			isa = XCBuildConfiguration;
			buildSettings = {
				PRODUCT_NAME = "$(TARGET_NAME)";
			};
			name = Debug;
		};
		40C2AE1F1F40DE1700F33709 /* Release */ = {
			isa = XCBuildConfiguration;
			buildSettings = {
				PRODUCT_NAME = "$(TARGET_NAME)";
			};
			name = Release;
		};
/* End XCBuildConfiguration section */

/* Begin XCConfigurationList section */
		40C2AE111F40DE1700F33709 /* Build configuration list for PBXProject "DFS_BFS(Gia Su)" */ = {
			isa = XCConfigurationList;
			buildConfigurations = (
				40C2AE1B1F40DE1700F33709 /* Debug */,
				40C2AE1C1F40DE1700F33709 /* Release */,
			);
			defaultConfigurationIsVisible = 0;
			defaultConfigurationName = Release;
		};
		40C2AE1D1F40DE1700F33709 /* Build configuration list for PBXNativeTarget "DFS_BFS(Gia Su)" */ = {
			isa = XCConfigurationList;
			buildConfigurations = (
				40C2AE1E1F40DE1700F33709 /* Debug */,
				40C2AE1F1F40DE1700F33709 /* Release */,
			);
			defaultConfigurationIsVisible = 0;
		};
/* End XCConfigurationList section */
	};
	rootObject = 40C2AE0E1F40DE1700F33709 /* Project object */;
}
