// !$*UTF8*$!
{
	archiveVersion = 1;
	classes = {
	};
	objectVersion = 46;
	objects = {

/* Begin PBXBuildFile section */
		40F761EF1F228D7600026AC2 /* main.c in Sources */ = {isa = PBXBuildFile; fileRef = 40F761EE1F228D7600026AC2 /* main.c */; };
		40F761F71F228D8E00026AC2 /* k-largest.c in Sources */ = {isa = PBXBuildFile; fileRef = 40F761F51F228D8E00026AC2 /* k-largest.c */; };
/* End PBXBuildFile section */

/* Begin PBXCopyFilesBuildPhase section */
		40F761E91F228D7600026AC2 /* CopyFiles */ = {
			isa = PBXCopyFilesBuildPhase;
			buildActionMask = 2147483647;
			dstPath = /usr/share/man/man1/;
			dstSubfolderSpec = 0;
			files = (
			);
			runOnlyForDeploymentPostprocessing = 1;
		};
/* End PBXCopyFilesBuildPhase section */

/* Begin PBXFileReference section */
		40F761EB1F228D7600026AC2 /* k-largest */ = {isa = PBXFileReference; explicitFileType = "compiled.mach-o.executable"; includeInIndex = 0; path = "k-largest"; sourceTree = BUILT_PRODUCTS_DIR; };
		40F761EE1F228D7600026AC2 /* main.c */ = {isa = PBXFileReference; lastKnownFileType = sourcecode.c.c; path = main.c; sourceTree = "<group>"; };
		40F761F51F228D8E00026AC2 /* k-largest.c */ = {isa = PBXFileReference; fileEncoding = 4; lastKnownFileType = sourcecode.c.c; path = "k-largest.c"; sourceTree = "<group>"; };
		40F761F61F228D8E00026AC2 /* k-largest.h */ = {isa = PBXFileReference; fileEncoding = 4; lastKnownFileType = sourcecode.c.h; path = "k-largest.h"; sourceTree = "<group>"; };
/* End PBXFileReference section */

/* Begin PBXFrameworksBuildPhase section */
		40F761E81F228D7600026AC2 /* Frameworks */ = {
			isa = PBXFrameworksBuildPhase;
			buildActionMask = 2147483647;
			files = (
			);
			runOnlyForDeploymentPostprocessing = 0;
		};
/* End PBXFrameworksBuildPhase section */

/* Begin PBXGroup section */
		40F761E21F228D7600026AC2 = {
			isa = PBXGroup;
			children = (
				40F761ED1F228D7600026AC2 /* k-largest */,
				40F761EC1F228D7600026AC2 /* Products */,
			);
			sourceTree = "<group>";
		};
		40F761EC1F228D7600026AC2 /* Products */ = {
			isa = PBXGroup;
			children = (
				40F761EB1F228D7600026AC2 /* k-largest */,
			);
			name = Products;
			sourceTree = "<group>";
		};
		40F761ED1F228D7600026AC2 /* k-largest */ = {
			isa = PBXGroup;
			children = (
				40F761EE1F228D7600026AC2 /* main.c */,
				40F761F51F228D8E00026AC2 /* k-largest.c */,
				40F761F61F228D8E00026AC2 /* k-largest.h */,
			);
			path = "k-largest";
			sourceTree = "<group>";
		};
/* End PBXGroup section */

/* Begin PBXNativeTarget section */
		40F761EA1F228D7600026AC2 /* k-largest */ = {
			isa = PBXNativeTarget;
			buildConfigurationList = 40F761F21F228D7600026AC2 /* Build configuration list for PBXNativeTarget "k-largest" */;
			buildPhases = (
				40F761E71F228D7600026AC2 /* Sources */,
				40F761E81F228D7600026AC2 /* Frameworks */,
				40F761E91F228D7600026AC2 /* CopyFiles */,
			);
			buildRules = (
			);
			dependencies = (
			);
			name = "k-largest";
			productName = "k-largest";
			productReference = 40F761EB1F228D7600026AC2 /* k-largest */;
			productType = "com.apple.product-type.tool";
		};
/* End PBXNativeTarget section */

/* Begin PBXProject section */
		40F761E31F228D7600026AC2 /* Project object */ = {
			isa = PBXProject;
			attributes = {
				LastUpgradeCheck = 0820;
				ORGANIZATIONNAME = "Trang Nguyen";
				TargetAttributes = {
					40F761EA1F228D7600026AC2 = {
						CreatedOnToolsVersion = 8.2.1;
						ProvisioningStyle = Automatic;
					};
				};
			};
			buildConfigurationList = 40F761E61F228D7600026AC2 /* Build configuration list for PBXProject "k-largest" */;
			compatibilityVersion = "Xcode 3.2";
			developmentRegion = English;
			hasScannedForEncodings = 0;
			knownRegions = (
				en,
			);
			mainGroup = 40F761E21F228D7600026AC2;
			productRefGroup = 40F761EC1F228D7600026AC2 /* Products */;
			projectDirPath = "";
			projectRoot = "";
			targets = (
				40F761EA1F228D7600026AC2 /* k-largest */,
			);
		};
/* End PBXProject section */

/* Begin PBXSourcesBuildPhase section */
		40F761E71F228D7600026AC2 /* Sources */ = {
			isa = PBXSourcesBuildPhase;
			buildActionMask = 2147483647;
			files = (
				40F761F71F228D8E00026AC2 /* k-largest.c in Sources */,
				40F761EF1F228D7600026AC2 /* main.c in Sources */,
			);
			runOnlyForDeploymentPostprocessing = 0;
		};
/* End PBXSourcesBuildPhase section */

/* Begin XCBuildConfiguration section */
		40F761F01F228D7600026AC2 /* Debug */ = {
			isa = XCBuildConfiguration;
			buildSettings = {
				ALWAYS_SEARCH_USER_PATHS = NO;
				CLANG_ANALYZER_NONNULL = YES;
				CLANG_CXX_LANGUAGE_STANDARD = "gnu++0x";
				CLANG_CXX_LIBRARY = "libc++";
				CLANG_ENABLE_MODULES = YES;
				CLANG_ENABLE_OBJC_ARC = YES;
				CLANG_WARN_BOOL_CONVERSION = YES;
				CLANG_WARN_CONSTANT_CONVERSION = YES;
				CLANG_WARN_DIRECT_OBJC_ISA_USAGE = YES_ERROR;
				CLANG_WARN_DOCUMENTATION_COMMENTS = YES;
				CLANG_WARN_EMPTY_BODY = YES;
				CLANG_WARN_ENUM_CONVERSION = YES;
				CLANG_WARN_INFINITE_RECURSION = YES;
				CLANG_WARN_INT_CONVERSION = YES;
				CLANG_WARN_OBJC_ROOT_CLASS = YES_ERROR;
				CLANG_WARN_SUSPICIOUS_MOVE = YES;
				CLANG_WARN_UNREACHABLE_CODE = YES;
				CLANG_WARN__DUPLICATE_METHOD_MATCH = YES;
				CODE_SIGN_IDENTITY = "-";
				COPY_PHASE_STRIP = NO;
				DEBUG_INFORMATION_FORMAT = dwarf;
				ENABLE_STRICT_OBJC_MSGSEND = YES;
				ENABLE_TESTABILITY = YES;
				GCC_C_LANGUAGE_STANDARD = gnu99;
				GCC_DYNAMIC_NO_PIC = NO;
				GCC_NO_COMMON_BLOCKS = YES;
				GCC_OPTIMIZATION_LEVEL = 0;
				GCC_PREPROCESSOR_DEFINITIONS = (
					"DEBUG=1",
					"$(inherited)",
				);
				GCC_WARN_64_TO_32_BIT_CONVERSION = YES;
				GCC_WARN_ABOUT_RETURN_TYPE = YES_ERROR;
				GCC_WARN_UNDECLARED_SELECTOR = YES;
				GCC_WARN_UNINITIALIZED_AUTOS = YES_AGGRESSIVE;
				GCC_WARN_UNUSED_FUNCTION = YES;
				GCC_WARN_UNUSED_VARIABLE = YES;
				MACOSX_DEPLOYMENT_TARGET = 10.11;
				MTL_ENABLE_DEBUG_INFO = YES;
				ONLY_ACTIVE_ARCH = YES;
				SDKROOT = macosx;
			};
			name = Debug;
		};
		40F761F11F228D7600026AC2 /* Release */ = {
			isa = XCBuildConfiguration;
			buildSettings = {
				ALWAYS_SEARCH_USER_PATHS = NO;
				CLANG_ANALYZER_NONNULL = YES;
				CLANG_CXX_LANGUAGE_STANDARD = "gnu++0x";
				CLANG_CXX_LIBRARY = "libc++";
				CLANG_ENABLE_MODULES = YES;
				CLANG_ENABLE_OBJC_ARC = YES;
				CLANG_WARN_BOOL_CONVERSION = YES;
				CLANG_WARN_CONSTANT_CONVERSION = YES;
				CLANG_WARN_DIRECT_OBJC_ISA_USAGE = YES_ERROR;
				CLANG_WARN_DOCUMENTATION_COMMENTS = YES;
				CLANG_WARN_EMPTY_BODY = YES;
				CLANG_WARN_ENUM_CONVERSION = YES;
				CLANG_WARN_INFINITE_RECURSION = YES;
				CLANG_WARN_INT_CONVERSION = YES;
				CLANG_WARN_OBJC_ROOT_CLASS = YES_ERROR;
				CLANG_WARN_SUSPICIOUS_MOVE = YES;
				CLANG_WARN_UNREACHABLE_CODE = YES;
				CLANG_WARN__DUPLICATE_METHOD_MATCH = YES;
				CODE_SIGN_IDENTITY = "-";
				COPY_PHASE_STRIP = NO;
				DEBUG_INFORMATION_FORMAT = "dwarf-with-dsym";
				ENABLE_NS_ASSERTIONS = NO;
				ENABLE_STRICT_OBJC_MSGSEND = YES;
				GCC_C_LANGUAGE_STANDARD = gnu99;
				GCC_NO_COMMON_BLOCKS = YES;
				GCC_WARN_64_TO_32_BIT_CONVERSION = YES;
				GCC_WARN_ABOUT_RETURN_TYPE = YES_ERROR;
				GCC_WARN_UNDECLARED_SELECTOR = YES;
				GCC_WARN_UNINITIALIZED_AUTOS = YES_AGGRESSIVE;
				GCC_WARN_UNUSED_FUNCTION = YES;
				GCC_WARN_UNUSED_VARIABLE = YES;
				MACOSX_DEPLOYMENT_TARGET = 10.11;
				MTL_ENABLE_DEBUG_INFO = NO;
				SDKROOT = macosx;
			};
			name = Release;
		};
		40F761F31F228D7600026AC2 /* Debug */ = {
			isa = XCBuildConfiguration;
			buildSettings = {
				PRODUCT_NAME = "$(TARGET_NAME)";
			};
			name = Debug;
		};
		40F761F41F228D7600026AC2 /* Release */ = {
			isa = XCBuildConfiguration;
			buildSettings = {
				PRODUCT_NAME = "$(TARGET_NAME)";
			};
			name = Release;
		};
/* End XCBuildConfiguration section */

/* Begin XCConfigurationList section */
		40F761E61F228D7600026AC2 /* Build configuration list for PBXProject "k-largest" */ = {
			isa = XCConfigurationList;
			buildConfigurations = (
				40F761F01F228D7600026AC2 /* Debug */,
				40F761F11F228D7600026AC2 /* Release */,
			);
			defaultConfigurationIsVisible = 0;
			defaultConfigurationName = Release;
		};
		40F761F21F228D7600026AC2 /* Build configuration list for PBXNativeTarget "k-largest" */ = {
			isa = XCConfigurationList;
			buildConfigurations = (
				40F761F31F228D7600026AC2 /* Debug */,
				40F761F41F228D7600026AC2 /* Release */,
			);
			defaultConfigurationIsVisible = 0;
		};
/* End XCConfigurationList section */
	};
	rootObject = 40F761E31F228D7600026AC2 /* Project object */;
}
